Terraform used the selected providers to generate the following execution
plan. Resource actions are indicated with the following symbols:
  + create

Terraform will perform the following actions:

  # yandex_compute_image.ubu-img will be created
  + resource "yandex_compute_image" "ubu-img" {
      + created_at      = (known after apply)
      + folder_id       = (known after apply)
      + id              = (known after apply)
      + min_disk_size   = (known after apply)
      + name            = "ubuntu-22-04-lts-v20221214"
      + os_type         = (known after apply)
      + pooled          = (known after apply)
      + product_ids     = (known after apply)
      + size            = (known after apply)
      + source_disk     = (known after apply)
      + source_family   = (known after apply)
      + source_image    = "fd864gbboths76r8gm5f"
      + source_snapshot = (known after apply)
      + source_url      = (known after apply)
      + status          = (known after apply)
    }

  # yandex_compute_instance.node01 will be created
  + resource "yandex_compute_instance" "node01" {
      + allow_stopping_for_update = true
      + created_at                = (known after apply)
      + folder_id                 = (known after apply)
      + fqdn                      = (known after apply)
      + hostname                  = "node01.netology.cloud"
      + id                        = (known after apply)
      + metadata                  = {
          + "ssh-keys" = <<-EOT
                centos:ssh-rsa AAAAB3NzaC1yc2EAAAADAQABAAABgQC60OOJfFBx4qoFYFzdVNSPNMEKK4skkeMqlLVeZu7c5okd/JvCNO2e51pVyA7oaJ1IGKEkkKmrWxVxIKLnKorWAB9Gv1dEMM3iXbTxwzUCl2r2pZzt5WztDcDtWB07VvgnXc0/jBBOdjI/KItDU0ni6XQKlUj366Uu0CG0tvM5qriE7mDyWNTqtT8pYhREZrByv1j/2iYceTNLpFAhKhC5Pqaom4uNQSUZH8MVn77Dl4wcjeAb0xXzZeeTJXfYBVhPmOLN0udjGl5dkmYIjlPcTIdLF0UjRt3NDJljCbnkj/FruarUhwpQeYHbIbD3+lc2fgzc/EQDVgTr/RZn9/LAtGOwD8SJDO7SxmfXqrxQdvfqDqfn5h6FpTmtE6seXHK5X0RBCZU1Qmk3o+/rxlgFsTojS/xYlNXGLYGfRcCStP0aTxEB9uDgYFY13WVqBJBTYe/czSMxKJVko6x5sUh85xgWAyFTBhKHoa7Xngd5p/Cp9Uq6wpMGXCJ2TVA1SXc= root@localhost.localdomain
            EOT
        }
      + name                      = "node01"
      + network_acceleration_type = "standard"
      + platform_id               = "standard-v1"
      + service_account_id        = (known after apply)
      + status                    = (known after apply)
      + zone                      = "ru-central1-a"

      + boot_disk {
          + auto_delete = true
          + device_name = (known after apply)
          + disk_id     = (known after apply)
          + mode        = (known after apply)

          + initialize_params {
              + block_size  = (known after apply)
              + description = (known after apply)
              + image_id    = (known after apply)
              + name        = "root-node01"
              + size        = 50
              + snapshot_id = (known after apply)
              + type        = "network-nvme"
            }
        }

      + network_interface {
          + index              = (known after apply)
          + ip_address         = (known after apply)
          + ipv4               = true
          + ipv6               = (known after apply)
          + ipv6_address       = (known after apply)
          + mac_address        = (known after apply)
          + nat                = true
          + nat_ip_address     = (known after apply)
          + nat_ip_version     = (known after apply)
          + security_group_ids = (known after apply)
          + subnet_id          = (known after apply)
        }

      + placement_policy {
          + host_affinity_rules = (known after apply)
          + placement_group_id  = (known after apply)
        }

      + resources {
          + core_fraction = 100
          + cores         = 2
          + memory        = 4
        }

      + scheduling_policy {
          + preemptible = (known after apply)
        }
    }

  # yandex_vpc_network.default will be created
  + resource "yandex_vpc_network" "default" {
      + created_at                = (known after apply)
      + default_security_group_id = (known after apply)
      + folder_id                 = (known after apply)
      + id                        = (known after apply)
      + labels                    = (known after apply)
      + name                      = "net"
      + subnet_ids                = (known after apply)
    }

  # yandex_vpc_subnet.default will be created
  + resource "yandex_vpc_subnet" "default" {
      + created_at     = (known after apply)
      + folder_id      = (known after apply)
      + id             = (known after apply)
      + labels         = (known after apply)
      + name           = "subnet"
      + network_id     = (known after apply)
      + v4_cidr_blocks = [
          + "192.168.101.0/24",
        ]
      + v6_cidr_blocks = (known after apply)
      + zone           = "ru-central1-a"
    }

Plan: 4 to add, 0 to change, 0 to destroy.

─────────────────────────────────────────────────────────────────────────────

Note: You didn't use the -out option to save this plan, so Terraform can't
guarantee to take exactly these actions if you run "terraform apply" now.
